// !$*UTF8*$!
{
	archiveVersion = 1;
	classes = {
	};
	objectVersion = 56;
	objects = {

/* Begin PBXBuildFile section */
		EF01A92F2C4534F000DBCCA8 /* AppDelegate.swift in Sources */ = {isa = PBXBuildFile; fileRef = EF01A92E2C4534F000DBCCA8 /* AppDelegate.swift */; };
		EF01A9312C4534F000DBCCA8 /* SceneDelegate.swift in Sources */ = {isa = PBXBuildFile; fileRef = EF01A9302C4534F000DBCCA8 /* SceneDelegate.swift */; };
		EF01A9332C4534F000DBCCA8 /* MainViewController.swift in Sources */ = {isa = PBXBuildFile; fileRef = EF01A9322C4534F000DBCCA8 /* MainViewController.swift */; };
		EF01A9362C4534F000DBCCA8 /* Base in Resources */ = {isa = PBXBuildFile; fileRef = EF01A9352C4534F000DBCCA8 /* Base */; };
		EF01A9382C4534F100DBCCA8 /* Assets.xcassets in Resources */ = {isa = PBXBuildFile; fileRef = EF01A9372C4534F100DBCCA8 /* Assets.xcassets */; };
		EF01A93B2C4534F100DBCCA8 /* Base in Resources */ = {isa = PBXBuildFile; fileRef = EF01A93A2C4534F100DBCCA8 /* Base */; };
		EF01A94A2C4558D200DBCCA8 /* GamesAllCollectionViewCell.swift in Sources */ = {isa = PBXBuildFile; fileRef = EF01A9492C4558D200DBCCA8 /* GamesAllCollectionViewCell.swift */; };
		EF01A94C2C456C5600DBCCA8 /* FreeGames.swift in Sources */ = {isa = PBXBuildFile; fileRef = EF01A94B2C456C5600DBCCA8 /* FreeGames.swift */; };
		EF01A9502C45DBC500DBCCA8 /* ImageNotFound.jpg in Resources */ = {isa = PBXBuildFile; fileRef = EF01A94F2C45DBC500DBCCA8 /* ImageNotFound.jpg */; };
		EF01A9532C480FFB00DBCCA8 /* NetworkManager.swift in Sources */ = {isa = PBXBuildFile; fileRef = EF01A9522C480FFB00DBCCA8 /* NetworkManager.swift */; };
		EF0EDEEF2C48422200F5538E /* ShowGameViewController.swift in Sources */ = {isa = PBXBuildFile; fileRef = EF0EDEEE2C48422200F5538E /* ShowGameViewController.swift */; };
/* End PBXBuildFile section */

/* Begin PBXFileReference section */
		EF01A92B2C4534F000DBCCA8 /* FreeGames.app */ = {isa = PBXFileReference; explicitFileType = wrapper.application; includeInIndex = 0; path = FreeGames.app; sourceTree = BUILT_PRODUCTS_DIR; };
		EF01A92E2C4534F000DBCCA8 /* AppDelegate.swift */ = {isa = PBXFileReference; lastKnownFileType = sourcecode.swift; path = AppDelegate.swift; sourceTree = "<group>"; };
		EF01A9302C4534F000DBCCA8 /* SceneDelegate.swift */ = {isa = PBXFileReference; lastKnownFileType = sourcecode.swift; path = SceneDelegate.swift; sourceTree = "<group>"; };
		EF01A9322C4534F000DBCCA8 /* MainViewController.swift */ = {isa = PBXFileReference; lastKnownFileType = sourcecode.swift; path = MainViewController.swift; sourceTree = "<group>"; };
		EF01A9352C4534F000DBCCA8 /* Base */ = {isa = PBXFileReference; lastKnownFileType = file.storyboard; name = Base; path = Base.lproj/Main.storyboard; sourceTree = "<group>"; };
		EF01A9372C4534F100DBCCA8 /* Assets.xcassets */ = {isa = PBXFileReference; lastKnownFileType = folder.assetcatalog; path = Assets.xcassets; sourceTree = "<group>"; };
		EF01A93A2C4534F100DBCCA8 /* Base */ = {isa = PBXFileReference; lastKnownFileType = file.storyboard; name = Base; path = Base.lproj/LaunchScreen.storyboard; sourceTree = "<group>"; };
		EF01A93C2C4534F100DBCCA8 /* Info.plist */ = {isa = PBXFileReference; lastKnownFileType = text.plist.xml; path = Info.plist; sourceTree = "<group>"; };
		EF01A9492C4558D200DBCCA8 /* GamesAllCollectionViewCell.swift */ = {isa = PBXFileReference; lastKnownFileType = sourcecode.swift; path = GamesAllCollectionViewCell.swift; sourceTree = "<group>"; };
		EF01A94B2C456C5600DBCCA8 /* FreeGames.swift */ = {isa = PBXFileReference; lastKnownFileType = sourcecode.swift; path = FreeGames.swift; sourceTree = "<group>"; };
		EF01A94F2C45DBC500DBCCA8 /* ImageNotFound.jpg */ = {isa = PBXFileReference; lastKnownFileType = image.jpeg; name = ImageNotFound.jpg; path = ../../../../../Desktop/ImageNotFound.jpg; sourceTree = "<group>"; };
		EF01A9522C480FFB00DBCCA8 /* NetworkManager.swift */ = {isa = PBXFileReference; lastKnownFileType = sourcecode.swift; path = NetworkManager.swift; sourceTree = "<group>"; };
		EF0EDEEE2C48422200F5538E /* ShowGameViewController.swift */ = {isa = PBXFileReference; lastKnownFileType = sourcecode.swift; path = ShowGameViewController.swift; sourceTree = "<group>"; };
/* End PBXFileReference section */

/* Begin PBXFrameworksBuildPhase section */
		EF01A9282C4534F000DBCCA8 /* Frameworks */ = {
			isa = PBXFrameworksBuildPhase;
			buildActionMask = 2147483647;
			files = (
			);
			runOnlyForDeploymentPostprocessing = 0;
		};
/* End PBXFrameworksBuildPhase section */

/* Begin PBXGroup section */
		EF01A9222C4534F000DBCCA8 = {
			isa = PBXGroup;
			children = (
				EF01A92D2C4534F000DBCCA8 /* FreeGames */,
				EF01A92C2C4534F000DBCCA8 /* Products */,
			);
			sourceTree = "<group>";
		};
		EF01A92C2C4534F000DBCCA8 /* Products */ = {
			isa = PBXGroup;
			children = (
				EF01A92B2C4534F000DBCCA8 /* FreeGames.app */,
			);
			name = Products;
			sourceTree = "<group>";
		};
		EF01A92D2C4534F000DBCCA8 /* FreeGames */ = {
			isa = PBXGroup;
			children = (
				EF01A9512C480FCF00DBCCA8 /* Networking */,
				EF01A9482C45589200DBCCA8 /* Views */,
				EF01A9472C45530800DBCCA8 /* Resources */,
				EF01A9462C4552C100DBCCA8 /* App */,
				EF01A9452C45527800DBCCA8 /* Storyboards */,
				EF01A9442C45525600DBCCA8 /* Services */,
				EF01A9432C45523400DBCCA8 /* Models */,
				EF01A9422C45521D00DBCCA8 /* ViewControllers */,
			);
			path = FreeGames;
			sourceTree = "<group>";
		};
		EF01A9422C45521D00DBCCA8 /* ViewControllers */ = {
			isa = PBXGroup;
			children = (
				EF01A9322C4534F000DBCCA8 /* MainViewController.swift */,
				EF0EDEEE2C48422200F5538E /* ShowGameViewController.swift */,
			);
			path = ViewControllers;
			sourceTree = "<group>";
		};
		EF01A9432C45523400DBCCA8 /* Models */ = {
			isa = PBXGroup;
			children = (
				EF01A94B2C456C5600DBCCA8 /* FreeGames.swift */,
			);
			path = Models;
			sourceTree = "<group>";
		};
		EF01A9442C45525600DBCCA8 /* Services */ = {
			isa = PBXGroup;
			children = (
			);
			path = Services;
			sourceTree = "<group>";
		};
		EF01A9452C45527800DBCCA8 /* Storyboards */ = {
			isa = PBXGroup;
			children = (
				EF01A9342C4534F000DBCCA8 /* Main.storyboard */,
				EF01A9392C4534F100DBCCA8 /* LaunchScreen.storyboard */,
			);
			path = Storyboards;
			sourceTree = "<group>";
		};
		EF01A9462C4552C100DBCCA8 /* App */ = {
			isa = PBXGroup;
			children = (
				EF01A93C2C4534F100DBCCA8 /* Info.plist */,
				EF01A92E2C4534F000DBCCA8 /* AppDelegate.swift */,
				EF01A9302C4534F000DBCCA8 /* SceneDelegate.swift */,
			);
			path = App;
			sourceTree = "<group>";
		};
		EF01A9472C45530800DBCCA8 /* Resources */ = {
			isa = PBXGroup;
			children = (
				EF01A9372C4534F100DBCCA8 /* Assets.xcassets */,
				EF01A94F2C45DBC500DBCCA8 /* ImageNotFound.jpg */,
			);
			path = Resources;
			sourceTree = "<group>";
		};
		EF01A9482C45589200DBCCA8 /* Views */ = {
			isa = PBXGroup;
			children = (
				EF01A9492C4558D200DBCCA8 /* GamesAllCollectionViewCell.swift */,
			);
			path = Views;
			sourceTree = "<group>";
		};
		EF01A9512C480FCF00DBCCA8 /* Networking */ = {
			isa = PBXGroup;
			children = (
				EF01A9522C480FFB00DBCCA8 /* NetworkManager.swift */,
			);
			path = Networking;
			sourceTree = "<group>";
		};
/* End PBXGroup section */

/* Begin PBXNativeTarget section */
		EF01A92A2C4534F000DBCCA8 /* FreeGames */ = {
			isa = PBXNativeTarget;
			buildConfigurationList = EF01A93F2C4534F100DBCCA8 /* Build configuration list for PBXNativeTarget "FreeGames" */;
			buildPhases = (
				EF01A9272C4534F000DBCCA8 /* Sources */,
				EF01A9282C4534F000DBCCA8 /* Frameworks */,
				EF01A9292C4534F000DBCCA8 /* Resources */,
			);
			buildRules = (
			);
			dependencies = (
			);
			name = FreeGames;
			productName = FreeGames;
			productReference = EF01A92B2C4534F000DBCCA8 /* FreeGames.app */;
			productType = "com.apple.product-type.application";
		};
/* End PBXNativeTarget section */

/* Begin PBXProject section */
		EF01A9232C4534F000DBCCA8 /* Project object */ = {
			isa = PBXProject;
			attributes = {
				BuildIndependentTargetsInParallel = 1;
				LastSwiftUpdateCheck = 1540;
				LastUpgradeCheck = 1540;
				TargetAttributes = {
					EF01A92A2C4534F000DBCCA8 = {
						CreatedOnToolsVersion = 15.4;
					};
				};
			};
			buildConfigurationList = EF01A9262C4534F000DBCCA8 /* Build configuration list for PBXProject "FreeGames" */;
			compatibilityVersion = "Xcode 14.0";
			developmentRegion = en;
			hasScannedForEncodings = 0;
			knownRegions = (
				en,
				Base,
			);
			mainGroup = EF01A9222C4534F000DBCCA8;
			productRefGroup = EF01A92C2C4534F000DBCCA8 /* Products */;
			projectDirPath = "";
			projectRoot = "";
			targets = (
				EF01A92A2C4534F000DBCCA8 /* FreeGames */,
			);
		};
/* End PBXProject section */

/* Begin PBXResourcesBuildPhase section */
		EF01A9292C4534F000DBCCA8 /* Resources */ = {
			isa = PBXResourcesBuildPhase;
			buildActionMask = 2147483647;
			files = (
				EF01A9382C4534F100DBCCA8 /* Assets.xcassets in Resources */,
				EF01A93B2C4534F100DBCCA8 /* Base in Resources */,
				EF01A9362C4534F000DBCCA8 /* Base in Resources */,
				EF01A9502C45DBC500DBCCA8 /* ImageNotFound.jpg in Resources */,
			);
			runOnlyForDeploymentPostprocessing = 0;
		};
/* End PBXResourcesBuildPhase section */

/* Begin PBXSourcesBuildPhase section */
		EF01A9272C4534F000DBCCA8 /* Sources */ = {
			isa = PBXSourcesBuildPhase;
			buildActionMask = 2147483647;
			files = (
				EF01A9532C480FFB00DBCCA8 /* NetworkManager.swift in Sources */,
				EF01A94A2C4558D200DBCCA8 /* GamesAllCollectionViewCell.swift in Sources */,
				EF01A9332C4534F000DBCCA8 /* MainViewController.swift in Sources */,
				EF01A94C2C456C5600DBCCA8 /* FreeGames.swift in Sources */,
				EF01A92F2C4534F000DBCCA8 /* AppDelegate.swift in Sources */,
				EF01A9312C4534F000DBCCA8 /* SceneDelegate.swift in Sources */,
				EF0EDEEF2C48422200F5538E /* ShowGameViewController.swift in Sources */,
			);
			runOnlyForDeploymentPostprocessing = 0;
		};
/* End PBXSourcesBuildPhase section */

/* Begin PBXVariantGroup section */
		EF01A9342C4534F000DBCCA8 /* Main.storyboard */ = {
			isa = PBXVariantGroup;
			children = (
				EF01A9352C4534F000DBCCA8 /* Base */,
			);
			name = Main.storyboard;
			sourceTree = "<group>";
		};
		EF01A9392C4534F100DBCCA8 /* LaunchScreen.storyboard */ = {
			isa = PBXVariantGroup;
			children = (
				EF01A93A2C4534F100DBCCA8 /* Base */,
			);
			name = LaunchScreen.storyboard;
			sourceTree = "<group>";
		};
/* End PBXVariantGroup section */

/* Begin XCBuildConfiguration section */
		EF01A93D2C4534F100DBCCA8 /* Debug */ = {
			isa = XCBuildConfiguration;
			buildSettings = {
				ALWAYS_SEARCH_USER_PATHS = NO;
				ASSETCATALOG_COMPILER_GENERATE_SWIFT_ASSET_SYMBOL_EXTENSIONS = YES;
				CLANG_ANALYZER_NONNULL = YES;
				CLANG_ANALYZER_NUMBER_OBJECT_CONVERSION = YES_AGGRESSIVE;
				CLANG_CXX_LANGUAGE_STANDARD = "gnu++20";
				CLANG_ENABLE_MODULES = YES;
				CLANG_ENABLE_OBJC_ARC = YES;
				CLANG_ENABLE_OBJC_WEAK = YES;
				CLANG_WARN_BLOCK_CAPTURE_AUTORELEASING = YES;
				CLANG_WARN_BOOL_CONVERSION = YES;
				CLANG_WARN_COMMA = YES;
				CLANG_WARN_CONSTANT_CONVERSION = YES;
				CLANG_WARN_DEPRECATED_OBJC_IMPLEMENTATIONS = YES;
				CLANG_WARN_DIRECT_OBJC_ISA_USAGE = YES_ERROR;
				CLANG_WARN_DOCUMENTATION_COMMENTS = YES;
				CLANG_WARN_EMPTY_BODY = YES;
				CLANG_WARN_ENUM_CONVERSION = YES;
				CLANG_WARN_INFINITE_RECURSION = YES;
				CLANG_WARN_INT_CONVERSION = YES;
				CLANG_WARN_NON_LITERAL_NULL_CONVERSION = YES;
				CLANG_WARN_OBJC_IMPLICIT_RETAIN_SELF = YES;
				CLANG_WARN_OBJC_LITERAL_CONVERSION = YES;
				CLANG_WARN_OBJC_ROOT_CLASS = YES_ERROR;
				CLANG_WARN_QUOTED_INCLUDE_IN_FRAMEWORK_HEADER = YES;
				CLANG_WARN_RANGE_LOOP_ANALYSIS = YES;
				CLANG_WARN_STRICT_PROTOTYPES = YES;
				CLANG_WARN_SUSPICIOUS_MOVE = YES;
				CLANG_WARN_UNGUARDED_AVAILABILITY = YES_AGGRESSIVE;
				CLANG_WARN_UNREACHABLE_CODE = YES;
				CLANG_WARN__DUPLICATE_METHOD_MATCH = YES;
				COPY_PHASE_STRIP = NO;
				DEBUG_INFORMATION_FORMAT = dwarf;
				ENABLE_STRICT_OBJC_MSGSEND = YES;
				ENABLE_TESTABILITY = YES;
				ENABLE_USER_SCRIPT_SANDBOXING = YES;
				GCC_C_LANGUAGE_STANDARD = gnu17;
				GCC_DYNAMIC_NO_PIC = NO;
				GCC_NO_COMMON_BLOCKS = YES;
				GCC_OPTIMIZATION_LEVEL = 0;
				GCC_PREPROCESSOR_DEFINITIONS = (
					"DEBUG=1",
					"$(inherited)",
				);
				GCC_WARN_64_TO_32_BIT_CONVERSION = YES;
				GCC_WARN_ABOUT_RETURN_TYPE = YES_ERROR;
				GCC_WARN_UNDECLARED_SELECTOR = YES;
				GCC_WARN_UNINITIALIZED_AUTOS = YES_AGGRESSIVE;
				GCC_WARN_UNUSED_FUNCTION = YES;
				GCC_WARN_UNUSED_VARIABLE = YES;
				IPHONEOS_DEPLOYMENT_TARGET = 17.5;
				LOCALIZATION_PREFERS_STRING_CATALOGS = YES;
				MTL_ENABLE_DEBUG_INFO = INCLUDE_SOURCE;
				MTL_FAST_MATH = YES;
				ONLY_ACTIVE_ARCH = YES;
				SDKROOT = iphoneos;
				SWIFT_ACTIVE_COMPILATION_CONDITIONS = "DEBUG $(inherited)";
				SWIFT_OPTIMIZATION_LEVEL = "-Onone";
			};
			name = Debug;
		};
		EF01A93E2C4534F100DBCCA8 /* Release */ = {
			isa = XCBuildConfiguration;
			buildSettings = {
				ALWAYS_SEARCH_USER_PATHS = NO;
				ASSETCATALOG_COMPILER_GENERATE_SWIFT_ASSET_SYMBOL_EXTENSIONS = YES;
				CLANG_ANALYZER_NONNULL = YES;
				CLANG_ANALYZER_NUMBER_OBJECT_CONVERSION = YES_AGGRESSIVE;
				CLANG_CXX_LANGUAGE_STANDARD = "gnu++20";
				CLANG_ENABLE_MODULES = YES;
				CLANG_ENABLE_OBJC_ARC = YES;
				CLANG_ENABLE_OBJC_WEAK = YES;
				CLANG_WARN_BLOCK_CAPTURE_AUTORELEASING = YES;
				CLANG_WARN_BOOL_CONVERSION = YES;
				CLANG_WARN_COMMA = YES;
				CLANG_WARN_CONSTANT_CONVERSION = YES;
				CLANG_WARN_DEPRECATED_OBJC_IMPLEMENTATIONS = YES;
				CLANG_WARN_DIRECT_OBJC_ISA_USAGE = YES_ERROR;
				CLANG_WARN_DOCUMENTATION_COMMENTS = YES;
				CLANG_WARN_EMPTY_BODY = YES;
				CLANG_WARN_ENUM_CONVERSION = YES;
				CLANG_WARN_INFINITE_RECURSION = YES;
				CLANG_WARN_INT_CONVERSION = YES;
				CLANG_WARN_NON_LITERAL_NULL_CONVERSION = YES;
				CLANG_WARN_OBJC_IMPLICIT_RETAIN_SELF = YES;
				CLANG_WARN_OBJC_LITERAL_CONVERSION = YES;
				CLANG_WARN_OBJC_ROOT_CLASS = YES_ERROR;
				CLANG_WARN_QUOTED_INCLUDE_IN_FRAMEWORK_HEADER = YES;
				CLANG_WARN_RANGE_LOOP_ANALYSIS = YES;
				CLANG_WARN_STRICT_PROTOTYPES = YES;
				CLANG_WARN_SUSPICIOUS_MOVE = YES;
				CLANG_WARN_UNGUARDED_AVAILABILITY = YES_AGGRESSIVE;
				CLANG_WARN_UNREACHABLE_CODE = YES;
				CLANG_WARN__DUPLICATE_METHOD_MATCH = YES;
				COPY_PHASE_STRIP = NO;
				DEBUG_INFORMATION_FORMAT = "dwarf-with-dsym";
				ENABLE_NS_ASSERTIONS = NO;
				ENABLE_STRICT_OBJC_MSGSEND = YES;
				ENABLE_USER_SCRIPT_SANDBOXING = YES;
				GCC_C_LANGUAGE_STANDARD = gnu17;
				GCC_NO_COMMON_BLOCKS = YES;
				GCC_WARN_64_TO_32_BIT_CONVERSION = YES;
				GCC_WARN_ABOUT_RETURN_TYPE = YES_ERROR;
				GCC_WARN_UNDECLARED_SELECTOR = YES;
				GCC_WARN_UNINITIALIZED_AUTOS = YES_AGGRESSIVE;
				GCC_WARN_UNUSED_FUNCTION = YES;
				GCC_WARN_UNUSED_VARIABLE = YES;
				IPHONEOS_DEPLOYMENT_TARGET = 17.5;
				LOCALIZATION_PREFERS_STRING_CATALOGS = YES;
				MTL_ENABLE_DEBUG_INFO = NO;
				MTL_FAST_MATH = YES;
				SDKROOT = iphoneos;
				SWIFT_COMPILATION_MODE = wholemodule;
				VALIDATE_PRODUCT = YES;
			};
			name = Release;
		};
		EF01A9402C4534F100DBCCA8 /* Debug */ = {
			isa = XCBuildConfiguration;
			buildSettings = {
				ASSETCATALOG_COMPILER_APPICON_NAME = AppIcon;
				ASSETCATALOG_COMPILER_GLOBAL_ACCENT_COLOR_NAME = AccentColor;
				CODE_SIGN_STYLE = Automatic;
				CURRENT_PROJECT_VERSION = 1;
				DEVELOPMENT_TEAM = XL6Q59VDPK;
				GENERATE_INFOPLIST_FILE = YES;
				INFOPLIST_FILE = FreeGames/App/Info.plist;
				INFOPLIST_KEY_UIApplicationSupportsIndirectInputEvents = YES;
				INFOPLIST_KEY_UILaunchStoryboardName = LaunchScreen;
				INFOPLIST_KEY_UIMainStoryboardFile = Main;
				INFOPLIST_KEY_UISupportedInterfaceOrientations = UIInterfaceOrientationPortrait;
				INFOPLIST_KEY_UISupportedInterfaceOrientations_iPad = "UIInterfaceOrientationLandscapeLeft UIInterfaceOrientationLandscapeRight UIInterfaceOrientationPortrait UIInterfaceOrientationPortraitUpsideDown";
				IPHONEOS_DEPLOYMENT_TARGET = 16.0;
				LD_RUNPATH_SEARCH_PATHS = (
					"$(inherited)",
					"@executable_path/Frameworks",
				);
				MARKETING_VERSION = 1.0;
				PRODUCT_BUNDLE_IDENTIFIER = Test.test.FreeGames;
				PRODUCT_NAME = "$(TARGET_NAME)";
				SUPPORTED_PLATFORMS = "iphoneos iphonesimulator";
				SUPPORTS_MACCATALYST = NO;
				SUPPORTS_MAC_DESIGNED_FOR_IPHONE_IPAD = NO;
				SUPPORTS_XR_DESIGNED_FOR_IPHONE_IPAD = NO;
				SWIFT_EMIT_LOC_STRINGS = YES;
				SWIFT_VERSION = 5.0;
				TARGETED_DEVICE_FAMILY = 1;
			};
			name = Debug;
		};
		EF01A9412C4534F100DBCCA8 /* Release */ = {
			isa = XCBuildConfiguration;
			buildSettings = {
				ASSETCATALOG_COMPILER_APPICON_NAME = AppIcon;
				ASSETCATALOG_COMPILER_GLOBAL_ACCENT_COLOR_NAME = AccentColor;
				CODE_SIGN_STYLE = Automatic;
				CURRENT_PROJECT_VERSION = 1;
				DEVELOPMENT_TEAM = XL6Q59VDPK;
				GENERATE_INFOPLIST_FILE = YES;
				INFOPLIST_FILE = FreeGames/App/Info.plist;
				INFOPLIST_KEY_UIApplicationSupportsIndirectInputEvents = YES;
				INFOPLIST_KEY_UILaunchStoryboardName = LaunchScreen;
				INFOPLIST_KEY_UIMainStoryboardFile = Main;
				INFOPLIST_KEY_UISupportedInterfaceOrientations = UIInterfaceOrientationPortrait;
				INFOPLIST_KEY_UISupportedInterfaceOrientations_iPad = "UIInterfaceOrientationLandscapeLeft UIInterfaceOrientationLandscapeRight UIInterfaceOrientationPortrait UIInterfaceOrientationPortraitUpsideDown";
				IPHONEOS_DEPLOYMENT_TARGET = 16.0;
				LD_RUNPATH_SEARCH_PATHS = (
					"$(inherited)",
					"@executable_path/Frameworks",
				);
				MARKETING_VERSION = 1.0;
				PRODUCT_BUNDLE_IDENTIFIER = Test.test.FreeGames;
				PRODUCT_NAME = "$(TARGET_NAME)";
				SUPPORTED_PLATFORMS = "iphoneos iphonesimulator";
				SUPPORTS_MACCATALYST = NO;
				SUPPORTS_MAC_DESIGNED_FOR_IPHONE_IPAD = NO;
				SUPPORTS_XR_DESIGNED_FOR_IPHONE_IPAD = NO;
				SWIFT_EMIT_LOC_STRINGS = YES;
				SWIFT_VERSION = 5.0;
				TARGETED_DEVICE_FAMILY = 1;
			};
			name = Release;
		};
/* End XCBuildConfiguration section */

/* Begin XCConfigurationList section */
		EF01A9262C4534F000DBCCA8 /* Build configuration list for PBXProject "FreeGames" */ = {
			isa = XCConfigurationList;
			buildConfigurations = (
				EF01A93D2C4534F100DBCCA8 /* Debug */,
				EF01A93E2C4534F100DBCCA8 /* Release */,
			);
			defaultConfigurationIsVisible = 0;
			defaultConfigurationName = Release;
		};
		EF01A93F2C4534F100DBCCA8 /* Build configuration list for PBXNativeTarget "FreeGames" */ = {
			isa = XCConfigurationList;
			buildConfigurations = (
				EF01A9402C4534F100DBCCA8 /* Debug */,
				EF01A9412C4534F100DBCCA8 /* Release */,
			);
			defaultConfigurationIsVisible = 0;
			defaultConfigurationName = Release;
		};
/* End XCConfigurationList section */
	};
	rootObject = EF01A9232C4534F000DBCCA8 /* Project object */;
}
